# This file is automatically @generated by Cargo.
# It is not intended for manual editing.
version = 4

[[package]]
name = "nylon-core"
version = "0.1.0"

[[package]]
name = "nylon-engine"
version = "0.1.0"
dependencies = [
 "nylon-core",
 "nylon-graph",
 "nylon-storage",
 "nylon-vector",
]

[[package]]
name = "nylon-graph"
version = "0.1.0"
dependencies = [
 "nylon-core",
]

[[package]]
name = "nylon-storage"
version = "0.1.0"
dependencies = [
 "nylon-core",
 "nylon-graph",
]

[[package]]
name = "nylon-vector"
version = "0.1.0"
